
Microsoft Visual Studio Solution File, Format Version 10.00
# Visual Studio 2008
Project("{8BC9CEB8-8B4A-11D0-8D11-00A0C91BC942}") = "mini_sc", "mini_sc\mini_sc.vcproj", "{988B2817-B3BC-488B-9EA3-9A73CE2BD829}"
EndProject
Global
	GlobalSection(SolutionConfigurationPlatforms) = preSolution
		Debug|Win32 = Debug|Win32
		Release|Win32 = Release|Win32
	EndGlobalSection
	GlobalSection(ProjectConfigurationPlatforms) = postSolution
		{988B2817-B3BC-488B-9EA3-9A73CE2BD829}.Debug|Win32.ActiveCfg = Debug|Win32
		{988B2817-B3BC-488B-9EA3-9A73CE2BD829}.Debug|Win32.Build.0 = Debug|Win32
		{988B2817-B3BC-488B-9EA3-9A73CE2BD829}.Release|Win32.ActiveCfg = Release|Win32
		{988B2817-B3BC-488B-9EA3-9A73CE2BD829}.Release|Win32.Build.0 = Release|Win32
	EndGlobalSection
	GlobalSection(SolutionProperties) = preSolution
		HideSolutionNode = FALSE
	EndGlobalSection
EndGlobal
